// !$*UTF8*$!
{
	archiveVersion = 1;
	classes = {
	};
	objectVersion = 77;
	objects = {

/* Begin PBXContainerItemProxy section */
		AD04B54F2E259BD7000F55F3 /* PBXContainerItemProxy */ = {
			isa = PBXContainerItemProxy;
			containerPortal = AD04B5332E259BD6000F55F3 /* Project object */;
			proxyType = 1;
			remoteGlobalIDString = AD04B53A2E259BD6000F55F3;
			remoteInfo = Pack_Recipe;
		};
		AD04B5592E259BD7000F55F3 /* PBXContainerItemProxy */ = {
			isa = PBXContainerItemProxy;
			containerPortal = AD04B5332E259BD6000F55F3 /* Project object */;
			proxyType = 1;
			remoteGlobalIDString = AD04B53A2E259BD6000F55F3;
			remoteInfo = Pack_Recipe;
		};
/* End PBXContainerItemProxy section */

/* Begin PBXFileReference section */
		AD04B53B2E259BD6000F55F3 /* Pack_Recipe.app */ = {isa = PBXFileReference; explicitFileType = wrapper.application; includeInIndex = 0; path = Pack_Recipe.app; sourceTree = BUILT_PRODUCTS_DIR; };
		AD04B54E2E259BD7000F55F3 /* Pack_RecipeTests.xctest */ = {isa = PBXFileReference; explicitFileType = wrapper.cfbundle; includeInIndex = 0; path = Pack_RecipeTests.xctest; sourceTree = BUILT_PRODUCTS_DIR; };
		AD04B5582E259BD7000F55F3 /* Pack_RecipeUITests.xctest */ = {isa = PBXFileReference; explicitFileType = wrapper.cfbundle; includeInIndex = 0; path = Pack_RecipeUITests.xctest; sourceTree = BUILT_PRODUCTS_DIR; };
/* End PBXFileReference section */

/* Begin PBXFileSystemSynchronizedRootGroup section */
		AD04B53D2E259BD6000F55F3 /* Pack_Recipe */ = {
			isa = PBXFileSystemSynchronizedRootGroup;
			path = Pack_Recipe;
			sourceTree = "<group>";
		};
		AD04B5512E259BD7000F55F3 /* Pack_RecipeTests */ = {
			isa = PBXFileSystemSynchronizedRootGroup;
			path = Pack_RecipeTests;
			sourceTree = "<group>";
		};
		AD04B55B2E259BD7000F55F3 /* Pack_RecipeUITests */ = {
			isa = PBXFileSystemSynchronizedRootGroup;
			path = Pack_RecipeUITests;
			sourceTree = "<group>";
		};
/* End PBXFileSystemSynchronizedRootGroup section */

/* Begin PBXFrameworksBuildPhase section */
		AD04B5382E259BD6000F55F3 /* Frameworks */ = {
			isa = PBXFrameworksBuildPhase;
			buildActionMask = 2147483647;
			files = (
			);
			runOnlyForDeploymentPostprocessing = 0;
		};
		AD04B54B2E259BD7000F55F3 /* Frameworks */ = {
			isa = PBXFrameworksBuildPhase;
			buildActionMask = 2147483647;
			files = (
			);
			runOnlyForDeploymentPostprocessing = 0;
		};
		AD04B5552E259BD7000F55F3 /* Frameworks */ = {
			isa = PBXFrameworksBuildPhase;
			buildActionMask = 2147483647;
			files = (
			);
			runOnlyForDeploymentPostprocessing = 0;
		};
/* End PBXFrameworksBuildPhase section */

/* Begin PBXGroup section */
		AD04B5322E259BD6000F55F3 = {
			isa = PBXGroup;
			children = (
				AD04B53D2E259BD6000F55F3 /* Pack_Recipe */,
				AD04B5512E259BD7000F55F3 /* Pack_RecipeTests */,
				AD04B55B2E259BD7000F55F3 /* Pack_RecipeUITests */,
				AD04B53C2E259BD6000F55F3 /* Products */,
			);
			sourceTree = "<group>";
		};
		AD04B53C2E259BD6000F55F3 /* Products */ = {
			isa = PBXGroup;
			children = (
				AD04B53B2E259BD6000F55F3 /* Pack_Recipe.app */,
				AD04B54E2E259BD7000F55F3 /* Pack_RecipeTests.xctest */,
				AD04B5582E259BD7000F55F3 /* Pack_RecipeUITests.xctest */,
			);
			name = Products;
			sourceTree = "<group>";
		};
/* End PBXGroup section */

/* Begin PBXNativeTarget section */
		AD04B53A2E259BD6000F55F3 /* Pack_Recipe */ = {
			isa = PBXNativeTarget;
			buildConfigurationList = AD04B5622E259BD7000F55F3 /* Build configuration list for PBXNativeTarget "Pack_Recipe" */;
			buildPhases = (
				AD04B5372E259BD6000F55F3 /* Sources */,
				AD04B5382E259BD6000F55F3 /* Frameworks */,
				AD04B5392E259BD6000F55F3 /* Resources */,
			);
			buildRules = (
			);
			dependencies = (
			);
			fileSystemSynchronizedGroups = (
				AD04B53D2E259BD6000F55F3 /* Pack_Recipe */,
			);
			name = Pack_Recipe;
			packageProductDependencies = (
			);
			productName = Pack_Recipe;
			productReference = AD04B53B2E259BD6000F55F3 /* Pack_Recipe.app */;
			productType = "com.apple.product-type.application";
		};
		AD04B54D2E259BD7000F55F3 /* Pack_RecipeTests */ = {
			isa = PBXNativeTarget;
			buildConfigurationList = AD04B5652E259BD7000F55F3 /* Build configuration list for PBXNativeTarget "Pack_RecipeTests" */;
			buildPhases = (
				AD04B54A2E259BD7000F55F3 /* Sources */,
				AD04B54B2E259BD7000F55F3 /* Frameworks */,
				AD04B54C2E259BD7000F55F3 /* Resources */,
			);
			buildRules = (
			);
			dependencies = (
				AD04B5502E259BD7000F55F3 /* PBXTargetDependency */,
			);
			fileSystemSynchronizedGroups = (
				AD04B5512E259BD7000F55F3 /* Pack_RecipeTests */,
			);
			name = Pack_RecipeTests;
			packageProductDependencies = (
			);
			productName = Pack_RecipeTests;
			productReference = AD04B54E2E259BD7000F55F3 /* Pack_RecipeTests.xctest */;
			productType = "com.apple.product-type.bundle.unit-test";
		};
		AD04B5572E259BD7000F55F3 /* Pack_RecipeUITests */ = {
			isa = PBXNativeTarget;
			buildConfigurationList = AD04B5682E259BD7000F55F3 /* Build configuration list for PBXNativeTarget "Pack_RecipeUITests" */;
			buildPhases = (
				AD04B5542E259BD7000F55F3 /* Sources */,
				AD04B5552E259BD7000F55F3 /* Frameworks */,
				AD04B5562E259BD7000F55F3 /* Resources */,
			);
			buildRules = (
			);
			dependencies = (
				AD04B55A2E259BD7000F55F3 /* PBXTargetDependency */,
			);
			fileSystemSynchronizedGroups = (
				AD04B55B2E259BD7000F55F3 /* Pack_RecipeUITests */,
			);
			name = Pack_RecipeUITests;
			packageProductDependencies = (
			);
			productName = Pack_RecipeUITests;
			productReference = AD04B5582E259BD7000F55F3 /* Pack_RecipeUITests.xctest */;
			productType = "com.apple.product-type.bundle.ui-testing";
		};
/* End PBXNativeTarget section */

/* Begin PBXProject section */
		AD04B5332E259BD6000F55F3 /* Project object */ = {
			isa = PBXProject;
			attributes = {
				BuildIndependentTargetsInParallel = 1;
				LastSwiftUpdateCheck = 1640;
				LastUpgradeCheck = 1640;
				TargetAttributes = {
					AD04B53A2E259BD6000F55F3 = {
						CreatedOnToolsVersion = 16.4;
					};
					AD04B54D2E259BD7000F55F3 = {
						CreatedOnToolsVersion = 16.4;
						TestTargetID = AD04B53A2E259BD6000F55F3;
					};
					AD04B5572E259BD7000F55F3 = {
						CreatedOnToolsVersion = 16.4;
						TestTargetID = AD04B53A2E259BD6000F55F3;
					};
				};
			};
			buildConfigurationList = AD04B5362E259BD6000F55F3 /* Build configuration list for PBXProject "Pack_Recipe" */;
			developmentRegion = en;
			hasScannedForEncodings = 0;
			knownRegions = (
				en,
				Base,
			);
			mainGroup = AD04B5322E259BD6000F55F3;
			minimizedProjectReferenceProxies = 1;
			preferredProjectObjectVersion = 77;
			productRefGroup = AD04B53C2E259BD6000F55F3 /* Products */;
			projectDirPath = "";
			projectRoot = "";
			targets = (
				AD04B53A2E259BD6000F55F3 /* Pack_Recipe */,
				AD04B54D2E259BD7000F55F3 /* Pack_RecipeTests */,
				AD04B5572E259BD7000F55F3 /* Pack_RecipeUITests */,
			);
		};
/* End PBXProject section */

/* Begin PBXResourcesBuildPhase section */
		AD04B5392E259BD6000F55F3 /* Resources */ = {
			isa = PBXResourcesBuildPhase;
			buildActionMask = 2147483647;
			files = (
			);
			runOnlyForDeploymentPostprocessing = 0;
		};
		AD04B54C2E259BD7000F55F3 /* Resources */ = {
			isa = PBXResourcesBuildPhase;
			buildActionMask = 2147483647;
			files = (
			);
			runOnlyForDeploymentPostprocessing = 0;
		};
		AD04B5562E259BD7000F55F3 /* Resources */ = {
			isa = PBXResourcesBuildPhase;
			buildActionMask = 2147483647;
			files = (
			);
			runOnlyForDeploymentPostprocessing = 0;
		};
/* End PBXResourcesBuildPhase section */

/* Begin PBXSourcesBuildPhase section */
		AD04B5372E259BD6000F55F3 /* Sources */ = {
			isa = PBXSourcesBuildPhase;
			buildActionMask = 2147483647;
			files = (
			);
			runOnlyForDeploymentPostprocessing = 0;
		};
		AD04B54A2E259BD7000F55F3 /* Sources */ = {
			isa = PBXSourcesBuildPhase;
			buildActionMask = 2147483647;
			files = (
			);
			runOnlyForDeploymentPostprocessing = 0;
		};
		AD04B5542E259BD7000F55F3 /* Sources */ = {
			isa = PBXSourcesBuildPhase;
			buildActionMask = 2147483647;
			files = (
			);
			runOnlyForDeploymentPostprocessing = 0;
		};
/* End PBXSourcesBuildPhase section */

/* Begin PBXTargetDependency section */
		AD04B5502E259BD7000F55F3 /* PBXTargetDependency */ = {
			isa = PBXTargetDependency;
			target = AD04B53A2E259BD6000F55F3 /* Pack_Recipe */;
			targetProxy = AD04B54F2E259BD7000F55F3 /* PBXContainerItemProxy */;
		};
		AD04B55A2E259BD7000F55F3 /* PBXTargetDependency */ = {
			isa = PBXTargetDependency;
			target = AD04B53A2E259BD6000F55F3 /* Pack_Recipe */;
			targetProxy = AD04B5592E259BD7000F55F3 /* PBXContainerItemProxy */;
		};
/* End PBXTargetDependency section */

/* Begin XCBuildConfiguration section */
		AD04B5602E259BD7000F55F3 /* Debug */ = {
			isa = XCBuildConfiguration;
			buildSettings = {
				ALWAYS_SEARCH_USER_PATHS = NO;
				ASSETCATALOG_COMPILER_GENERATE_SWIFT_ASSET_SYMBOL_EXTENSIONS = YES;
				CLANG_ANALYZER_NONNULL = YES;
				CLANG_ANALYZER_NUMBER_OBJECT_CONVERSION = YES_AGGRESSIVE;
				CLANG_CXX_LANGUAGE_STANDARD = "gnu++20";
				CLANG_ENABLE_MODULES = YES;
				CLANG_ENABLE_OBJC_ARC = YES;
				CLANG_ENABLE_OBJC_WEAK = YES;
				CLANG_WARN_BLOCK_CAPTURE_AUTORELEASING = YES;
				CLANG_WARN_BOOL_CONVERSION = YES;
				CLANG_WARN_COMMA = YES;
				CLANG_WARN_CONSTANT_CONVERSION = YES;
				CLANG_WARN_DEPRECATED_OBJC_IMPLEMENTATIONS = YES;
				CLANG_WARN_DIRECT_OBJC_ISA_USAGE = YES_ERROR;
				CLANG_WARN_DOCUMENTATION_COMMENTS = YES;
				CLANG_WARN_EMPTY_BODY = YES;
				CLANG_WARN_ENUM_CONVERSION = YES;
				CLANG_WARN_INFINITE_RECURSION = YES;
				CLANG_WARN_INT_CONVERSION = YES;
				CLANG_WARN_NON_LITERAL_NULL_CONVERSION = YES;
				CLANG_WARN_OBJC_IMPLICIT_RETAIN_SELF = YES;
				CLANG_WARN_OBJC_LITERAL_CONVERSION = YES;
				CLANG_WARN_OBJC_ROOT_CLASS = YES_ERROR;
				CLANG_WARN_QUOTED_INCLUDE_IN_FRAMEWORK_HEADER = YES;
				CLANG_WARN_RANGE_LOOP_ANALYSIS = YES;
				CLANG_WARN_STRICT_PROTOTYPES = YES;
				CLANG_WARN_SUSPICIOUS_MOVE = YES;
				CLANG_WARN_UNGUARDED_AVAILABILITY = YES_AGGRESSIVE;
				CLANG_WARN_UNREACHABLE_CODE = YES;
				CLANG_WARN__DUPLICATE_METHOD_MATCH = YES;
				COPY_PHASE_STRIP = NO;
				DEBUG_INFORMATION_FORMAT = dwarf;
				DEVELOPMENT_TEAM = AD22JQSX6V;
				ENABLE_STRICT_OBJC_MSGSEND = YES;
				ENABLE_TESTABILITY = YES;
				ENABLE_USER_SCRIPT_SANDBOXING = YES;
				GCC_C_LANGUAGE_STANDARD = gnu17;
				GCC_DYNAMIC_NO_PIC = NO;
				GCC_NO_COMMON_BLOCKS = YES;
				GCC_OPTIMIZATION_LEVEL = 0;
				GCC_PREPROCESSOR_DEFINITIONS = (
					"DEBUG=1",
					"$(inherited)",
				);
				GCC_WARN_64_TO_32_BIT_CONVERSION = YES;
				GCC_WARN_ABOUT_RETURN_TYPE = YES_ERROR;
				GCC_WARN_UNDECLARED_SELECTOR = YES;
				GCC_WARN_UNINITIALIZED_AUTOS = YES_AGGRESSIVE;
				GCC_WARN_UNUSED_FUNCTION = YES;
				GCC_WARN_UNUSED_VARIABLE = YES;
				LOCALIZATION_PREFERS_STRING_CATALOGS = YES;
				MACOSX_DEPLOYMENT_TARGET = 15.5;
				MTL_ENABLE_DEBUG_INFO = INCLUDE_SOURCE;
				MTL_FAST_MATH = YES;
				ONLY_ACTIVE_ARCH = YES;
				SDKROOT = macosx;
				SWIFT_ACTIVE_COMPILATION_CONDITIONS = "DEBUG $(inherited)";
				SWIFT_OPTIMIZATION_LEVEL = "-Onone";
			};
			name = Debug;
		};
		AD04B5612E259BD7000F55F3 /* Release */ = {
			isa = XCBuildConfiguration;
			buildSettings = {
				ALWAYS_SEARCH_USER_PATHS = NO;
				ASSETCATALOG_COMPILER_GENERATE_SWIFT_ASSET_SYMBOL_EXTENSIONS = YES;
				CLANG_ANALYZER_NONNULL = YES;
				CLANG_ANALYZER_NUMBER_OBJECT_CONVERSION = YES_AGGRESSIVE;
				CLANG_CXX_LANGUAGE_STANDARD = "gnu++20";
				CLANG_ENABLE_MODULES = YES;
				CLANG_ENABLE_OBJC_ARC = YES;
				CLANG_ENABLE_OBJC_WEAK = YES;
				CLANG_WARN_BLOCK_CAPTURE_AUTORELEASING = YES;
				CLANG_WARN_BOOL_CONVERSION = YES;
				CLANG_WARN_COMMA = YES;
				CLANG_WARN_CONSTANT_CONVERSION = YES;
				CLANG_WARN_DEPRECATED_OBJC_IMPLEMENTATIONS = YES;
				CLANG_WARN_DIRECT_OBJC_ISA_USAGE = YES_ERROR;
				CLANG_WARN_DOCUMENTATION_COMMENTS = YES;
				CLANG_WARN_EMPTY_BODY = YES;
				CLANG_WARN_ENUM_CONVERSION = YES;
				CLANG_WARN_INFINITE_RECURSION = YES;
				CLANG_WARN_INT_CONVERSION = YES;
				CLANG_WARN_NON_LITERAL_NULL_CONVERSION = YES;
				CLANG_WARN_OBJC_IMPLICIT_RETAIN_SELF = YES;
				CLANG_WARN_OBJC_LITERAL_CONVERSION = YES;
				CLANG_WARN_OBJC_ROOT_CLASS = YES_ERROR;
				CLANG_WARN_QUOTED_INCLUDE_IN_FRAMEWORK_HEADER = YES;
				CLANG_WARN_RANGE_LOOP_ANALYSIS = YES;
				CLANG_WARN_STRICT_PROTOTYPES = YES;
				CLANG_WARN_SUSPICIOUS_MOVE = YES;
				CLANG_WARN_UNGUARDED_AVAILABILITY = YES_AGGRESSIVE;
				CLANG_WARN_UNREACHABLE_CODE = YES;
				CLANG_WARN__DUPLICATE_METHOD_MATCH = YES;
				COPY_PHASE_STRIP = NO;
				DEBUG_INFORMATION_FORMAT = "dwarf-with-dsym";
				DEVELOPMENT_TEAM = AD22JQSX6V;
				ENABLE_NS_ASSERTIONS = NO;
				ENABLE_STRICT_OBJC_MSGSEND = YES;
				ENABLE_USER_SCRIPT_SANDBOXING = YES;
				GCC_C_LANGUAGE_STANDARD = gnu17;
				GCC_NO_COMMON_BLOCKS = YES;
				GCC_WARN_64_TO_32_BIT_CONVERSION = YES;
				GCC_WARN_ABOUT_RETURN_TYPE = YES_ERROR;
				GCC_WARN_UNDECLARED_SELECTOR = YES;
				GCC_WARN_UNINITIALIZED_AUTOS = YES_AGGRESSIVE;
				GCC_WARN_UNUSED_FUNCTION = YES;
				GCC_WARN_UNUSED_VARIABLE = YES;
				LOCALIZATION_PREFERS_STRING_CATALOGS = YES;
				MACOSX_DEPLOYMENT_TARGET = 15.5;
				MTL_ENABLE_DEBUG_INFO = NO;
				MTL_FAST_MATH = YES;
				SDKROOT = macosx;
				SWIFT_COMPILATION_MODE = wholemodule;
			};
			name = Release;
		};
		AD04B5632E259BD7000F55F3 /* Debug */ = {
			isa = XCBuildConfiguration;
			buildSettings = {
				ASSETCATALOG_COMPILER_APPICON_NAME = AppIcon;
				ASSETCATALOG_COMPILER_GLOBAL_ACCENT_COLOR_NAME = AccentColor;
				CODE_SIGN_ENTITLEMENTS = Pack_Recipe/Pack_Recipe.entitlements;
				CODE_SIGN_STYLE = Automatic;
				COMBINE_HIDPI_IMAGES = YES;
				CURRENT_PROJECT_VERSION = 1;
				DEVELOPMENT_TEAM = AD22JQSX6V;
				ENABLE_HARDENED_RUNTIME = YES;
				ENABLE_PREVIEWS = YES;
				GENERATE_INFOPLIST_FILE = YES;
				INFOPLIST_KEY_NSHumanReadableCopyright = "";
				LD_RUNPATH_SEARCH_PATHS = (
					"$(inherited)",
					"@executable_path/../Frameworks",
				);
				MARKETING_VERSION = 1.0;
				PRODUCT_BUNDLE_IDENTIFIER = "AnaCarolina.Pack-Recipe";
				PRODUCT_NAME = "$(TARGET_NAME)";
				REGISTER_APP_GROUPS = YES;
				SWIFT_EMIT_LOC_STRINGS = YES;
				SWIFT_VERSION = 5.0;
			};
			name = Debug;
		};
		AD04B5642E259BD7000F55F3 /* Release */ = {
			isa = XCBuildConfiguration;
			buildSettings = {
				ASSETCATALOG_COMPILER_APPICON_NAME = AppIcon;
				ASSETCATALOG_COMPILER_GLOBAL_ACCENT_COLOR_NAME = AccentColor;
				CODE_SIGN_ENTITLEMENTS = Pack_Recipe/Pack_Recipe.entitlements;
				CODE_SIGN_STYLE = Automatic;
				COMBINE_HIDPI_IMAGES = YES;
				CURRENT_PROJECT_VERSION = 1;
				DEVELOPMENT_TEAM = AD22JQSX6V;
				ENABLE_HARDENED_RUNTIME = YES;
				ENABLE_PREVIEWS = YES;
				GENERATE_INFOPLIST_FILE = YES;
				INFOPLIST_KEY_NSHumanReadableCopyright = "";
				LD_RUNPATH_SEARCH_PATHS = (
					"$(inherited)",
					"@executable_path/../Frameworks",
				);
				MARKETING_VERSION = 1.0;
				PRODUCT_BUNDLE_IDENTIFIER = "AnaCarolina.Pack-Recipe";
				PRODUCT_NAME = "$(TARGET_NAME)";
				REGISTER_APP_GROUPS = YES;
				SWIFT_EMIT_LOC_STRINGS = YES;
				SWIFT_VERSION = 5.0;
			};
			name = Release;
		};
		AD04B5662E259BD7000F55F3 /* Debug */ = {
			isa = XCBuildConfiguration;
			buildSettings = {
				BUNDLE_LOADER = "$(TEST_HOST)";
				CODE_SIGN_STYLE = Automatic;
				CURRENT_PROJECT_VERSION = 1;
				DEVELOPMENT_TEAM = AD22JQSX6V;
				GENERATE_INFOPLIST_FILE = YES;
				MACOSX_DEPLOYMENT_TARGET = 15.5;
				MARKETING_VERSION = 1.0;
				PRODUCT_BUNDLE_IDENTIFIER = "AnaCarolina.Pack-RecipeTests";
				PRODUCT_NAME = "$(TARGET_NAME)";
				SWIFT_EMIT_LOC_STRINGS = NO;
				SWIFT_VERSION = 5.0;
				TEST_HOST = "$(BUILT_PRODUCTS_DIR)/Pack_Recipe.app/$(BUNDLE_EXECUTABLE_FOLDER_PATH)/Pack_Recipe";
			};
			name = Debug;
		};
		AD04B5672E259BD7000F55F3 /* Release */ = {
			isa = XCBuildConfiguration;
			buildSettings = {
				BUNDLE_LOADER = "$(TEST_HOST)";
				CODE_SIGN_STYLE = Automatic;
				CURRENT_PROJECT_VERSION = 1;
				DEVELOPMENT_TEAM = AD22JQSX6V;
				GENERATE_INFOPLIST_FILE = YES;
				MACOSX_DEPLOYMENT_TARGET = 15.5;
				MARKETING_VERSION = 1.0;
				PRODUCT_BUNDLE_IDENTIFIER = "AnaCarolina.Pack-RecipeTests";
				PRODUCT_NAME = "$(TARGET_NAME)";
				SWIFT_EMIT_LOC_STRINGS = NO;
				SWIFT_VERSION = 5.0;
				TEST_HOST = "$(BUILT_PRODUCTS_DIR)/Pack_Recipe.app/$(BUNDLE_EXECUTABLE_FOLDER_PATH)/Pack_Recipe";
			};
			name = Release;
		};
		AD04B5692E259BD7000F55F3 /* Debug */ = {
			isa = XCBuildConfiguration;
			buildSettings = {
				CODE_SIGN_STYLE = Automatic;
				CURRENT_PROJECT_VERSION = 1;
				DEVELOPMENT_TEAM = AD22JQSX6V;
				GENERATE_INFOPLIST_FILE = YES;
				MARKETING_VERSION = 1.0;
				PRODUCT_BUNDLE_IDENTIFIER = "AnaCarolina.Pack-RecipeUITests";
				PRODUCT_NAME = "$(TARGET_NAME)";
				SWIFT_EMIT_LOC_STRINGS = NO;
				SWIFT_VERSION = 5.0;
				TEST_TARGET_NAME = Pack_Recipe;
			};
			name = Debug;
		};
		AD04B56A2E259BD7000F55F3 /* Release */ = {
			isa = XCBuildConfiguration;
			buildSettings = {
				CODE_SIGN_STYLE = Automatic;
				CURRENT_PROJECT_VERSION = 1;
				DEVELOPMENT_TEAM = AD22JQSX6V;
				GENERATE_INFOPLIST_FILE = YES;
				MARKETING_VERSION = 1.0;
				PRODUCT_BUNDLE_IDENTIFIER = "AnaCarolina.Pack-RecipeUITests";
				PRODUCT_NAME = "$(TARGET_NAME)";
				SWIFT_EMIT_LOC_STRINGS = NO;
				SWIFT_VERSION = 5.0;
				TEST_TARGET_NAME = Pack_Recipe;
			};
			name = Release;
		};
/* End XCBuildConfiguration section */

/* Begin XCConfigurationList section */
		AD04B5362E259BD6000F55F3 /* Build configuration list for PBXProject "Pack_Recipe" */ = {
			isa = XCConfigurationList;
			buildConfigurations = (
				AD04B5602E259BD7000F55F3 /* Debug */,
				AD04B5612E259BD7000F55F3 /* Release */,
			);
			defaultConfigurationIsVisible = 0;
			defaultConfigurationName = Release;
		};
		AD04B5622E259BD7000F55F3 /* Build configuration list for PBXNativeTarget "Pack_Recipe" */ = {
			isa = XCConfigurationList;
			buildConfigurations = (
				AD04B5632E259BD7000F55F3 /* Debug */,
				AD04B5642E259BD7000F55F3 /* Release */,
			);
			defaultConfigurationIsVisible = 0;
			defaultConfigurationName = Release;
		};
		AD04B5652E259BD7000F55F3 /* Build configuration list for PBXNativeTarget "Pack_RecipeTests" */ = {
			isa = XCConfigurationList;
			buildConfigurations = (
				AD04B5662E259BD7000F55F3 /* Debug */,
				AD04B5672E259BD7000F55F3 /* Release */,
			);
			defaultConfigurationIsVisible = 0;
			defaultConfigurationName = Release;
		};
		AD04B5682E259BD7000F55F3 /* Build configuration list for PBXNativeTarget "Pack_RecipeUITests" */ = {
			isa = XCConfigurationList;
			buildConfigurations = (
				AD04B5692E259BD7000F55F3 /* Debug */,
				AD04B56A2E259BD7000F55F3 /* Release */,
			);
			defaultConfigurationIsVisible = 0;
			defaultConfigurationName = Release;
		};
/* End XCConfigurationList section */
	};
	rootObject = AD04B5332E259BD6000F55F3 /* Project object */;
}
